
Microsoft Visual Studio Solution File, Format Version 12.00
# Visual Studio 15
VisualStudioVersion = 15.0.28307.1433
MinimumVisualStudioVersion = 10.0.40219.1
Project("{FAE04EC0-301F-11D3-BF4B-00C04F79EFBC}") = "OpenHackathonWeb", "OpenHackathonWeb\OpenHackathonWeb.csproj", "{7A9E6443-F20F-45A2-9354-B08B51AD586F}"
EndProject
Global
	GlobalSection(SolutionConfigurationPlatforms) = preSolution
		Debug|Any CPU = Debug|Any CPU
		Release|Any CPU = Release|Any CPU
	EndGlobalSection
	GlobalSection(ProjectConfigurationPlatforms) = postSolution
		{7A9E6443-F20F-45A2-9354-B08B51AD586F}.Debug|Any CPU.ActiveCfg = Debug|Any CPU
		{7A9E6443-F20F-45A2-9354-B08B51AD586F}.Debug|Any CPU.Build.0 = Debug|Any CPU
		{7A9E6443-F20F-45A2-9354-B08B51AD586F}.Release|Any CPU.ActiveCfg = Release|Any CPU
		{7A9E6443-F20F-45A2-9354-B08B51AD586F}.Release|Any CPU.Build.0 = Release|Any CPU
	EndGlobalSection
	GlobalSection(SolutionProperties) = preSolution
		HideSolutionNode = FALSE
	EndGlobalSection
	GlobalSection(ExtensibilityGlobals) = postSolution
		SolutionGuid = {746853DB-A250-4B17-8D77-8EAB8DE3B8B9}
	EndGlobalSection
EndGlobal
